
Microsoft Visual Studio Solution File, Format Version 12.00
# Visual Studio Version 16
VisualStudioVersion = 16.0.30011.22
MinimumVisualStudioVersion = 10.0.40219.1
Project("{FAE04EC0-301F-11D3-BF4B-00C04F79EFBC}") = "Demo1", "Demo1\Demo1.csproj", "{F604F754-E7D2-45E9-9AAC-9122EE79A3F0}"
EndProject
Project("{2150E333-8FDC-42A3-9474-1A3956D46DE8}") = "Solution Items", "Solution Items", "{A18DAE01-0516-498F-BA5C-5CC3B96C64E0}"
	ProjectSection(SolutionItems) = preProject
		TextFile1.txt = TextFile1.txt
	EndProjectSection
EndProject
Global
	GlobalSection(SolutionConfigurationPlatforms) = preSolution
		Debug|Any CPU = Debug|Any CPU
		Release|Any CPU = Release|Any CPU
	EndGlobalSection
	GlobalSection(ProjectConfigurationPlatforms) = postSolution
		{F604F754-E7D2-45E9-9AAC-9122EE79A3F0}.Debug|Any CPU.ActiveCfg = Debug|Any CPU
		{F604F754-E7D2-45E9-9AAC-9122EE79A3F0}.Debug|Any CPU.Build.0 = Debug|Any CPU
		{F604F754-E7D2-45E9-9AAC-9122EE79A3F0}.Release|Any CPU.ActiveCfg = Release|Any CPU
		{F604F754-E7D2-45E9-9AAC-9122EE79A3F0}.Release|Any CPU.Build.0 = Release|Any CPU
	EndGlobalSection
	GlobalSection(SolutionProperties) = preSolution
		HideSolutionNode = FALSE
	EndGlobalSection
	GlobalSection(ExtensibilityGlobals) = postSolution
		SolutionGuid = {97105A54-CA9F-481B-88A3-1232A230329B}
	EndGlobalSection
EndGlobal
